
Microsoft Visual Studio Solution File, Format Version 11.00
# Visual Studio 2010
Project("{FAE04EC0-301F-11D3-BF4B-00C04F79EFBC}") = "Unity.Timeline", "Unity.Timeline.csproj", "{8cc57bba-2209-73f2-b60f-657c307e0cea}"
EndProject
Project("{FAE04EC0-301F-11D3-BF4B-00C04F79EFBC}") = "Unity.Timeline.Editor", "Unity.Timeline.Editor.csproj", "{ed5a5bff-c1bc-ea56-99bc-1a277fde0a2c}"
EndProject
Project("{FAE04EC0-301F-11D3-BF4B-00C04F79EFBC}") = "Unity.TextMeshPro.Editor", "Unity.TextMeshPro.Editor.csproj", "{5590a759-82bf-6602-113a-f0ccb1dd1ff6}"
EndProject
Project("{FAE04EC0-301F-11D3-BF4B-00C04F79EFBC}") = "Unity.PlasticSCM.Editor", "Unity.PlasticSCM.Editor.csproj", "{aea015e9-6aad-0926-3a0f-955349000f76}"
EndProject
Project("{FAE04EC0-301F-11D3-BF4B-00C04F79EFBC}") = "Unity.InputSystem", "Unity.InputSystem.csproj", "{e0571a66-9fae-86f1-ab8e-240453900d7c}"
EndProject
Project("{FAE04EC0-301F-11D3-BF4B-00C04F79EFBC}") = "Unity.VisualScripting.Flow", "Unity.VisualScripting.Flow.csproj", "{54576e09-c596-7c41-ab23-def1ec01f47c}"
EndProject
Project("{FAE04EC0-301F-11D3-BF4B-00C04F79EFBC}") = "UnityEditor.UI", "UnityEditor.UI.csproj", "{0a1f6182-c9fc-16ab-3e7a-9d25580be0c0}"
EndProject
Project("{FAE04EC0-301F-11D3-BF4B-00C04F79EFBC}") = "Unity.VisualScripting.Core", "Unity.VisualScripting.Core.csproj", "{4b835c2a-342b-2eba-cf86-e02135513738}"
EndProject
Project("{FAE04EC0-301F-11D3-BF4B-00C04F79EFBC}") = "Unity.VisualScripting.Core.Editor", "Unity.VisualScripting.Core.Editor.csproj", "{8417eecf-69b4-b2ff-1a94-7317d15975e5}"
EndProject
Project("{FAE04EC0-301F-11D3-BF4B-00C04F79EFBC}") = "Unity.VisualScripting.Flow.Editor", "Unity.VisualScripting.Flow.Editor.csproj", "{abab6ac1-b004-ed86-6330-672ad964ab43}"
EndProject
Project("{FAE04EC0-301F-11D3-BF4B-00C04F79EFBC}") = "UnityEditor.TestRunner", "UnityEditor.TestRunner.csproj", "{8f7b814a-1451-564e-06a7-0b22f05ed5a5}"
EndProject
Project("{FAE04EC0-301F-11D3-BF4B-00C04F79EFBC}") = "Unity.VisualScripting.SettingsProvider.Editor", "Unity.VisualScripting.SettingsProvider.Editor.csproj", "{c465c297-6073-1c67-731b-97c2f37bca55}"
EndProject
Project("{FAE04EC0-301F-11D3-BF4B-00C04F79EFBC}") = "UnityEngine.TestRunner", "UnityEngine.TestRunner.csproj", "{39b93729-c388-41e9-3d16-fffc2b1be3a2}"
EndProject
Project("{FAE04EC0-301F-11D3-BF4B-00C04F79EFBC}") = "UnityEngine.UI", "UnityEngine.UI.csproj", "{2ae12081-97a0-8324-6e79-48c491213d31}"
EndProject
Project("{FAE04EC0-301F-11D3-BF4B-00C04F79EFBC}") = "Unity.VisualStudio.Editor", "Unity.VisualStudio.Editor.csproj", "{55681446-b19e-b0ac-e963-720252e8cf92}"
EndProject
Project("{FAE04EC0-301F-11D3-BF4B-00C04F79EFBC}") = "Unity.TestTools.CodeCoverage.Editor.OpenCover.Model", "Unity.TestTools.CodeCoverage.Editor.OpenCover.Model.csproj", "{e0513ab0-b86a-bda0-29bc-7513bce9c94f}"
EndProject
Project("{FAE04EC0-301F-11D3-BF4B-00C04F79EFBC}") = "Unity.Rider.Editor", "Unity.Rider.Editor.csproj", "{0361522e-5069-329a-7763-dfb796e0f70d}"
EndProject
Project("{FAE04EC0-301F-11D3-BF4B-00C04F79EFBC}") = "Unity.CollabProxy.Editor", "Unity.CollabProxy.Editor.csproj", "{31ce58c1-88ed-17b3-3ecc-2d9254dc0903}"
EndProject
Project("{FAE04EC0-301F-11D3-BF4B-00C04F79EFBC}") = "Unity.VisualScripting.State.Editor", "Unity.VisualScripting.State.Editor.csproj", "{91699f82-1e72-f540-bee9-3d11380133d2}"
EndProject
Project("{FAE04EC0-301F-11D3-BF4B-00C04F79EFBC}") = "Unity.TestTools.CodeCoverage.Editor", "Unity.TestTools.CodeCoverage.Editor.csproj", "{bcfeb99b-7ba7-ddbc-0c88-e781ed7c156f}"
EndProject
Project("{FAE04EC0-301F-11D3-BF4B-00C04F79EFBC}") = "Unity.VisualScripting.State", "Unity.VisualScripting.State.csproj", "{55775b49-dc3e-6fa1-3cbc-8c2013c0a084}"
EndProject
Project("{FAE04EC0-301F-11D3-BF4B-00C04F79EFBC}") = "Unity.TextMeshPro", "Unity.TextMeshPro.csproj", "{666ec408-e7db-e1fe-e005-63e99e744d2c}"
EndProject
Project("{FAE04EC0-301F-11D3-BF4B-00C04F79EFBC}") = "Unity.Performance.Profile-Analyzer.Editor", "Unity.Performance.Profile-Analyzer.Editor.csproj", "{0e4344b5-9d80-596a-9d1b-a71218cab89c}"
EndProject
Project("{FAE04EC0-301F-11D3-BF4B-00C04F79EFBC}") = "Unity.InputSystem.TestFramework", "Unity.InputSystem.TestFramework.csproj", "{de539973-395d-de2f-f570-4e12691100b6}"
EndProject
Project("{FAE04EC0-301F-11D3-BF4B-00C04F79EFBC}") = "Unity.VSCode.Editor", "Unity.VSCode.Editor.csproj", "{14713d0d-3135-5c37-7368-abd50996b81e}"
EndProject
Project("{FAE04EC0-301F-11D3-BF4B-00C04F79EFBC}") = "Unity.TestTools.CodeCoverage.Editor.OpenCover.Mono.Reflection", "Unity.TestTools.CodeCoverage.Editor.OpenCover.Mono.Reflection.csproj", "{4cd44e60-2850-b628-20cd-399061723139}"
EndProject
Project("{FAE04EC0-301F-11D3-BF4B-00C04F79EFBC}") = "Assembly-CSharp", "Assembly-CSharp.csproj", "{ea257132-44bc-d507-04be-c99373980920}"
EndProject
Project("{FAE04EC0-301F-11D3-BF4B-00C04F79EFBC}") = "Unity.Settings.Editor", "Unity.Settings.Editor.csproj", "{06e8a3f9-cf34-2e25-0ccb-c3468d60bf6c}"
EndProject
Project("{FAE04EC0-301F-11D3-BF4B-00C04F79EFBC}") = "Unity.InputSystem.ForUI", "Unity.InputSystem.ForUI.csproj", "{54e249b2-2d07-0a78-64c7-0d19fb70cc48}"
EndProject
Project("{FAE04EC0-301F-11D3-BF4B-00C04F79EFBC}") = "Unity.EditorCoroutines.Editor", "Unity.EditorCoroutines.Editor.csproj", "{a4cbf34a-d7bc-6040-e523-72856503ce2e}"
EndProject
Project("{FAE04EC0-301F-11D3-BF4B-00C04F79EFBC}") = "Unity.VisualScripting.Shared.Editor", "Unity.VisualScripting.Shared.Editor.csproj", "{19645607-9694-affb-dcbc-15ccdab33be8}"
EndProject
Project("{FAE04EC0-301F-11D3-BF4B-00C04F79EFBC}") = "Unity.Timeline", "Unity.Timeline.Player.csproj", "{d5edd42e-ffef-dd5c-d9eb-5db9cab3d0a1}"
EndProject
Project("{FAE04EC0-301F-11D3-BF4B-00C04F79EFBC}") = "Unity.InputSystem", "Unity.InputSystem.Player.csproj", "{a637995d-63aa-6e1a-b53e-c7e93ecfa927}"
EndProject
Project("{FAE04EC0-301F-11D3-BF4B-00C04F79EFBC}") = "Unity.VisualScripting.Flow", "Unity.VisualScripting.Flow.Player.csproj", "{4aafc4b4-d05d-a788-779a-3d5bbe83853c}"
EndProject
Project("{FAE04EC0-301F-11D3-BF4B-00C04F79EFBC}") = "Unity.VisualScripting.Core", "Unity.VisualScripting.Core.Player.csproj", "{ae626e49-ae3d-f11c-77ae-9ac98c383b60}"
EndProject
Project("{FAE04EC0-301F-11D3-BF4B-00C04F79EFBC}") = "UnityEngine.TestRunner", "UnityEngine.TestRunner.Player.csproj", "{164ef309-39c4-11b7-9b09-0ba15b877ed2}"
EndProject
Project("{FAE04EC0-301F-11D3-BF4B-00C04F79EFBC}") = "UnityEngine.UI", "UnityEngine.UI.Player.csproj", "{db79b57e-9b89-6abe-41db-d5e1902628fa}"
EndProject
Project("{FAE04EC0-301F-11D3-BF4B-00C04F79EFBC}") = "Unity.VisualScripting.State", "Unity.VisualScripting.State.Player.csproj", "{1096f374-15ce-6328-5147-4c0cccafb5b6}"
EndProject
Project("{FAE04EC0-301F-11D3-BF4B-00C04F79EFBC}") = "Unity.TextMeshPro", "Unity.TextMeshPro.Player.csproj", "{8b379317-6c0c-7e0f-5027-f3e269bbdb09}"
EndProject
Project("{FAE04EC0-301F-11D3-BF4B-00C04F79EFBC}") = "Unity.InputSystem.TestFramework", "Unity.InputSystem.TestFramework.Player.csproj", "{90bcff9f-96a1-1bfc-6f7b-fc577c4ccc6a}"
EndProject
Project("{FAE04EC0-301F-11D3-BF4B-00C04F79EFBC}") = "Assembly-CSharp", "Assembly-CSharp.Player.csproj", "{50a1fb20-09d0-846e-2349-f355beac45b0}"
EndProject
Project("{FAE04EC0-301F-11D3-BF4B-00C04F79EFBC}") = "Unity.InputSystem.ForUI", "Unity.InputSystem.ForUI.Player.csproj", "{bafa4c40-6c19-44ee-87b0-3dbe565adace}"
EndProject
Project("{FAE04EC0-301F-11D3-BF4B-00C04F79EFBC}") = "Assembly-CSharp-Editor", "Assembly-CSharp-Editor.csproj", "{f3285846-41c3-8a9d-a74d-e3cc505be87f}"
EndProject
Project("{FAE04EC0-301F-11D3-BF4B-00C04F79EFBC}") = "Unity.TestTools.CodeCoverage.Editor.Compatibility", "Unity.TestTools.CodeCoverage.Editor.Compatibility.csproj", "{965a786f-9844-1c13-ecf1-1ab65c51ce2f}"
EndProject
Project("{FAE04EC0-301F-11D3-BF4B-00C04F79EFBC}") = "Unity.TextMeshPro.Editor.Tests", "Unity.TextMeshPro.Editor.Tests.csproj", "{420c5c86-fc30-a630-533b-eb7baf4de120}"
EndProject
Project("{FAE04EC0-301F-11D3-BF4B-00C04F79EFBC}") = "DocCodeExamples", "DocCodeExamples.csproj", "{be9fb47b-8b9e-4127-3cfc-c48c8cc42d40}"
EndProject
Project("{FAE04EC0-301F-11D3-BF4B-00C04F79EFBC}") = "Unity.Performance.Profile-Analyzer.EditorTests", "Unity.Performance.Profile-Analyzer.EditorTests.csproj", "{137fb4a1-bccf-e0db-b959-8b782cec2c8a}"
EndProject
Project("{FAE04EC0-301F-11D3-BF4B-00C04F79EFBC}") = "Unity.Settings.Tests", "Unity.Settings.Tests.csproj", "{6192ca20-a520-8c84-606a-06b8e80e0972}"
EndProject
Project("{FAE04EC0-301F-11D3-BF4B-00C04F79EFBC}") = "UnityEngine.UI.Tests", "UnityEngine.UI.Tests.csproj", "{d9be6e93-89ad-5543-cf17-fd981ec85c10}"
EndProject
Project("{FAE04EC0-301F-11D3-BF4B-00C04F79EFBC}") = "Unity.InputSystem.IntegrationTests", "Unity.InputSystem.IntegrationTests.csproj", "{0fff929b-cb59-9dcf-8f15-2ed1b34c482c}"
EndProject
Project("{FAE04EC0-301F-11D3-BF4B-00C04F79EFBC}") = "Unity.TextMeshPro.Tests", "Unity.TextMeshPro.Tests.csproj", "{b0a7eeae-8f73-4ab9-9512-db7e70576c21}"
EndProject
Project("{FAE04EC0-301F-11D3-BF4B-00C04F79EFBC}") = "UnityEditor.UI.EditorTests", "UnityEditor.UI.EditorTests.csproj", "{8a097c30-9fa4-6674-4cd3-f69e01307236}"
EndProject
Global
	GlobalSection(SolutionConfigurationPlatforms) = preSolution
		Debug|Any CPU = Debug|Any CPU
	EndGlobalSection
	GlobalSection(ProjectConfigurationPlatforms) = postSolution
		{8cc57bba-2209-73f2-b60f-657c307e0cea}.Debug|Any CPU.ActiveCfg = Debug|Any CPU
		{8cc57bba-2209-73f2-b60f-657c307e0cea}.Debug|Any CPU.Build.0 = Debug|Any CPU
		{ed5a5bff-c1bc-ea56-99bc-1a277fde0a2c}.Debug|Any CPU.ActiveCfg = Debug|Any CPU
		{ed5a5bff-c1bc-ea56-99bc-1a277fde0a2c}.Debug|Any CPU.Build.0 = Debug|Any CPU
		{5590a759-82bf-6602-113a-f0ccb1dd1ff6}.Debug|Any CPU.ActiveCfg = Debug|Any CPU
		{5590a759-82bf-6602-113a-f0ccb1dd1ff6}.Debug|Any CPU.Build.0 = Debug|Any CPU
		{aea015e9-6aad-0926-3a0f-955349000f76}.Debug|Any CPU.ActiveCfg = Debug|Any CPU
		{aea015e9-6aad-0926-3a0f-955349000f76}.Debug|Any CPU.Build.0 = Debug|Any CPU
		{e0571a66-9fae-86f1-ab8e-240453900d7c}.Debug|Any CPU.ActiveCfg = Debug|Any CPU
		{e0571a66-9fae-86f1-ab8e-240453900d7c}.Debug|Any CPU.Build.0 = Debug|Any CPU
		{54576e09-c596-7c41-ab23-def1ec01f47c}.Debug|Any CPU.ActiveCfg = Debug|Any CPU
		{54576e09-c596-7c41-ab23-def1ec01f47c}.Debug|Any CPU.Build.0 = Debug|Any CPU
		{0a1f6182-c9fc-16ab-3e7a-9d25580be0c0}.Debug|Any CPU.ActiveCfg = Debug|Any CPU
		{0a1f6182-c9fc-16ab-3e7a-9d25580be0c0}.Debug|Any CPU.Build.0 = Debug|Any CPU
		{4b835c2a-342b-2eba-cf86-e02135513738}.Debug|Any CPU.ActiveCfg = Debug|Any CPU
		{4b835c2a-342b-2eba-cf86-e02135513738}.Debug|Any CPU.Build.0 = Debug|Any CPU
		{8417eecf-69b4-b2ff-1a94-7317d15975e5}.Debug|Any CPU.ActiveCfg = Debug|Any CPU
		{8417eecf-69b4-b2ff-1a94-7317d15975e5}.Debug|Any CPU.Build.0 = Debug|Any CPU
		{abab6ac1-b004-ed86-6330-672ad964ab43}.Debug|Any CPU.ActiveCfg = Debug|Any CPU
		{abab6ac1-b004-ed86-6330-672ad964ab43}.Debug|Any CPU.Build.0 = Debug|Any CPU
		{8f7b814a-1451-564e-06a7-0b22f05ed5a5}.Debug|Any CPU.ActiveCfg = Debug|Any CPU
		{8f7b814a-1451-564e-06a7-0b22f05ed5a5}.Debug|Any CPU.Build.0 = Debug|Any CPU
		{c465c297-6073-1c67-731b-97c2f37bca55}.Debug|Any CPU.ActiveCfg = Debug|Any CPU
		{c465c297-6073-1c67-731b-97c2f37bca55}.Debug|Any CPU.Build.0 = Debug|Any CPU
		{39b93729-c388-41e9-3d16-fffc2b1be3a2}.Debug|Any CPU.ActiveCfg = Debug|Any CPU
		{39b93729-c388-41e9-3d16-fffc2b1be3a2}.Debug|Any CPU.Build.0 = Debug|Any CPU
		{2ae12081-97a0-8324-6e79-48c491213d31}.Debug|Any CPU.ActiveCfg = Debug|Any CPU
		{2ae12081-97a0-8324-6e79-48c491213d31}.Debug|Any CPU.Build.0 = Debug|Any CPU
		{55681446-b19e-b0ac-e963-720252e8cf92}.Debug|Any CPU.ActiveCfg = Debug|Any CPU
		{55681446-b19e-b0ac-e963-720252e8cf92}.Debug|Any CPU.Build.0 = Debug|Any CPU
		{e0513ab0-b86a-bda0-29bc-7513bce9c94f}.Debug|Any CPU.ActiveCfg = Debug|Any CPU
		{e0513ab0-b86a-bda0-29bc-7513bce9c94f}.Debug|Any CPU.Build.0 = Debug|Any CPU
		{0361522e-5069-329a-7763-dfb796e0f70d}.Debug|Any CPU.ActiveCfg = Debug|Any CPU
		{0361522e-5069-329a-7763-dfb796e0f70d}.Debug|Any CPU.Build.0 = Debug|Any CPU
		{31ce58c1-88ed-17b3-3ecc-2d9254dc0903}.Debug|Any CPU.ActiveCfg = Debug|Any CPU
		{31ce58c1-88ed-17b3-3ecc-2d9254dc0903}.Debug|Any CPU.Build.0 = Debug|Any CPU
		{91699f82-1e72-f540-bee9-3d11380133d2}.Debug|Any CPU.ActiveCfg = Debug|Any CPU
		{91699f82-1e72-f540-bee9-3d11380133d2}.Debug|Any CPU.Build.0 = Debug|Any CPU
		{bcfeb99b-7ba7-ddbc-0c88-e781ed7c156f}.Debug|Any CPU.ActiveCfg = Debug|Any CPU
		{bcfeb99b-7ba7-ddbc-0c88-e781ed7c156f}.Debug|Any CPU.Build.0 = Debug|Any CPU
		{55775b49-dc3e-6fa1-3cbc-8c2013c0a084}.Debug|Any CPU.ActiveCfg = Debug|Any CPU
		{55775b49-dc3e-6fa1-3cbc-8c2013c0a084}.Debug|Any CPU.Build.0 = Debug|Any CPU
		{666ec408-e7db-e1fe-e005-63e99e744d2c}.Debug|Any CPU.ActiveCfg = Debug|Any CPU
		{666ec408-e7db-e1fe-e005-63e99e744d2c}.Debug|Any CPU.Build.0 = Debug|Any CPU
		{0e4344b5-9d80-596a-9d1b-a71218cab89c}.Debug|Any CPU.ActiveCfg = Debug|Any CPU
		{0e4344b5-9d80-596a-9d1b-a71218cab89c}.Debug|Any CPU.Build.0 = Debug|Any CPU
		{de539973-395d-de2f-f570-4e12691100b6}.Debug|Any CPU.ActiveCfg = Debug|Any CPU
		{de539973-395d-de2f-f570-4e12691100b6}.Debug|Any CPU.Build.0 = Debug|Any CPU
		{14713d0d-3135-5c37-7368-abd50996b81e}.Debug|Any CPU.ActiveCfg = Debug|Any CPU
		{14713d0d-3135-5c37-7368-abd50996b81e}.Debug|Any CPU.Build.0 = Debug|Any CPU
		{4cd44e60-2850-b628-20cd-399061723139}.Debug|Any CPU.ActiveCfg = Debug|Any CPU
		{4cd44e60-2850-b628-20cd-399061723139}.Debug|Any CPU.Build.0 = Debug|Any CPU
		{ea257132-44bc-d507-04be-c99373980920}.Debug|Any CPU.ActiveCfg = Debug|Any CPU
		{ea257132-44bc-d507-04be-c99373980920}.Debug|Any CPU.Build.0 = Debug|Any CPU
		{06e8a3f9-cf34-2e25-0ccb-c3468d60bf6c}.Debug|Any CPU.ActiveCfg = Debug|Any CPU
		{06e8a3f9-cf34-2e25-0ccb-c3468d60bf6c}.Debug|Any CPU.Build.0 = Debug|Any CPU
		{54e249b2-2d07-0a78-64c7-0d19fb70cc48}.Debug|Any CPU.ActiveCfg = Debug|Any CPU
		{54e249b2-2d07-0a78-64c7-0d19fb70cc48}.Debug|Any CPU.Build.0 = Debug|Any CPU
		{a4cbf34a-d7bc-6040-e523-72856503ce2e}.Debug|Any CPU.ActiveCfg = Debug|Any CPU
		{a4cbf34a-d7bc-6040-e523-72856503ce2e}.Debug|Any CPU.Build.0 = Debug|Any CPU
		{19645607-9694-affb-dcbc-15ccdab33be8}.Debug|Any CPU.ActiveCfg = Debug|Any CPU
		{19645607-9694-affb-dcbc-15ccdab33be8}.Debug|Any CPU.Build.0 = Debug|Any CPU
		{d5edd42e-ffef-dd5c-d9eb-5db9cab3d0a1}.Debug|Any CPU.ActiveCfg = Debug|Any CPU
		{d5edd42e-ffef-dd5c-d9eb-5db9cab3d0a1}.Debug|Any CPU.Build.0 = Debug|Any CPU
		{a637995d-63aa-6e1a-b53e-c7e93ecfa927}.Debug|Any CPU.ActiveCfg = Debug|Any CPU
		{a637995d-63aa-6e1a-b53e-c7e93ecfa927}.Debug|Any CPU.Build.0 = Debug|Any CPU
		{4aafc4b4-d05d-a788-779a-3d5bbe83853c}.Debug|Any CPU.ActiveCfg = Debug|Any CPU
		{4aafc4b4-d05d-a788-779a-3d5bbe83853c}.Debug|Any CPU.Build.0 = Debug|Any CPU
		{ae626e49-ae3d-f11c-77ae-9ac98c383b60}.Debug|Any CPU.ActiveCfg = Debug|Any CPU
		{ae626e49-ae3d-f11c-77ae-9ac98c383b60}.Debug|Any CPU.Build.0 = Debug|Any CPU
		{164ef309-39c4-11b7-9b09-0ba15b877ed2}.Debug|Any CPU.ActiveCfg = Debug|Any CPU
		{164ef309-39c4-11b7-9b09-0ba15b877ed2}.Debug|Any CPU.Build.0 = Debug|Any CPU
		{db79b57e-9b89-6abe-41db-d5e1902628fa}.Debug|Any CPU.ActiveCfg = Debug|Any CPU
		{db79b57e-9b89-6abe-41db-d5e1902628fa}.Debug|Any CPU.Build.0 = Debug|Any CPU
		{1096f374-15ce-6328-5147-4c0cccafb5b6}.Debug|Any CPU.ActiveCfg = Debug|Any CPU
		{1096f374-15ce-6328-5147-4c0cccafb5b6}.Debug|Any CPU.Build.0 = Debug|Any CPU
		{8b379317-6c0c-7e0f-5027-f3e269bbdb09}.Debug|Any CPU.ActiveCfg = Debug|Any CPU
		{8b379317-6c0c-7e0f-5027-f3e269bbdb09}.Debug|Any CPU.Build.0 = Debug|Any CPU
		{90bcff9f-96a1-1bfc-6f7b-fc577c4ccc6a}.Debug|Any CPU.ActiveCfg = Debug|Any CPU
		{90bcff9f-96a1-1bfc-6f7b-fc577c4ccc6a}.Debug|Any CPU.Build.0 = Debug|Any CPU
		{50a1fb20-09d0-846e-2349-f355beac45b0}.Debug|Any CPU.ActiveCfg = Debug|Any CPU
		{50a1fb20-09d0-846e-2349-f355beac45b0}.Debug|Any CPU.Build.0 = Debug|Any CPU
		{bafa4c40-6c19-44ee-87b0-3dbe565adace}.Debug|Any CPU.ActiveCfg = Debug|Any CPU
		{bafa4c40-6c19-44ee-87b0-3dbe565adace}.Debug|Any CPU.Build.0 = Debug|Any CPU
		{f3285846-41c3-8a9d-a74d-e3cc505be87f}.Debug|Any CPU.ActiveCfg = Debug|Any CPU
		{f3285846-41c3-8a9d-a74d-e3cc505be87f}.Debug|Any CPU.Build.0 = Debug|Any CPU
		{965a786f-9844-1c13-ecf1-1ab65c51ce2f}.Debug|Any CPU.ActiveCfg = Debug|Any CPU
		{965a786f-9844-1c13-ecf1-1ab65c51ce2f}.Debug|Any CPU.Build.0 = Debug|Any CPU
		{420c5c86-fc30-a630-533b-eb7baf4de120}.Debug|Any CPU.ActiveCfg = Debug|Any CPU
		{420c5c86-fc30-a630-533b-eb7baf4de120}.Debug|Any CPU.Build.0 = Debug|Any CPU
		{be9fb47b-8b9e-4127-3cfc-c48c8cc42d40}.Debug|Any CPU.ActiveCfg = Debug|Any CPU
		{be9fb47b-8b9e-4127-3cfc-c48c8cc42d40}.Debug|Any CPU.Build.0 = Debug|Any CPU
		{137fb4a1-bccf-e0db-b959-8b782cec2c8a}.Debug|Any CPU.ActiveCfg = Debug|Any CPU
		{137fb4a1-bccf-e0db-b959-8b782cec2c8a}.Debug|Any CPU.Build.0 = Debug|Any CPU
		{6192ca20-a520-8c84-606a-06b8e80e0972}.Debug|Any CPU.ActiveCfg = Debug|Any CPU
		{6192ca20-a520-8c84-606a-06b8e80e0972}.Debug|Any CPU.Build.0 = Debug|Any CPU
		{d9be6e93-89ad-5543-cf17-fd981ec85c10}.Debug|Any CPU.ActiveCfg = Debug|Any CPU
		{d9be6e93-89ad-5543-cf17-fd981ec85c10}.Debug|Any CPU.Build.0 = Debug|Any CPU
		{0fff929b-cb59-9dcf-8f15-2ed1b34c482c}.Debug|Any CPU.ActiveCfg = Debug|Any CPU
		{0fff929b-cb59-9dcf-8f15-2ed1b34c482c}.Debug|Any CPU.Build.0 = Debug|Any CPU
		{b0a7eeae-8f73-4ab9-9512-db7e70576c21}.Debug|Any CPU.ActiveCfg = Debug|Any CPU
		{b0a7eeae-8f73-4ab9-9512-db7e70576c21}.Debug|Any CPU.Build.0 = Debug|Any CPU
		{8a097c30-9fa4-6674-4cd3-f69e01307236}.Debug|Any CPU.ActiveCfg = Debug|Any CPU
		{8a097c30-9fa4-6674-4cd3-f69e01307236}.Debug|Any CPU.Build.0 = Debug|Any CPU
	EndGlobalSection
	GlobalSection(SolutionProperties) = preSolution
		HideSolutionNode = FALSE
	EndGlobalSection
EndGlobal
